
Microsoft Visual Studio Solution File, Format Version 12.00
# Visual Studio Version 17
VisualStudioVersion = 17.12.35527.113 d17.12
MinimumVisualStudioVersion = 10.0.40219.1
Project("{FAE04EC0-301F-11D3-BF4B-00C04F79EFBC}") = "CodingTracker.PiotrrKubas", "CodingTracker.PiotrrKubas.csproj", "{D5BB57D8-B173-493E-804E-302D3BE75DAC}"
EndProject
Global
	GlobalSection(SolutionConfigurationPlatforms) = preSolution
		Debug|Any CPU = Debug|Any CPU
		Release|Any CPU = Release|Any CPU
	EndGlobalSection
	GlobalSection(ProjectConfigurationPlatforms) = postSolution
		{D5BB57D8-B173-493E-804E-302D3BE75DAC}.Debug|Any CPU.ActiveCfg = Debug|Any CPU
		{D5BB57D8-B173-493E-804E-302D3BE75DAC}.Debug|Any CPU.Build.0 = Debug|Any CPU
		{D5BB57D8-B173-493E-804E-302D3BE75DAC}.Release|Any CPU.ActiveCfg = Release|Any CPU
		{D5BB57D8-B173-493E-804E-302D3BE75DAC}.Release|Any CPU.Build.0 = Release|Any CPU
	EndGlobalSection
	GlobalSection(SolutionProperties) = preSolution
		HideSolutionNode = FALSE
	EndGlobalSection
EndGlobal
